<?xml version="1.0" encoding="utf-8"?>
<Project ToolsVersion="4.0" xmlns="http://schemas.microsoft.com/developer/msbuild/2003">
  <ItemGroup>
    <Filter Include="Source Files">
      <UniqueIdentifier>{4FC737F1-C7A5-4376-A066-2A32D752A2FF}</UniqueIdentifier>
      <Extensions>cpp;c;cc;cxx;c++;cppm;ixx;def;odl;idl;hpj;bat;asm;asmx</Extensions>
    </Filter>
    <Filter Include="Header Files">
      <UniqueIdentifier>{93995380-89BD-4b04-88EB-625FBE52EBFB}</UniqueIdentifier>
      <Extensions>h;hh;hpp;hxx;h++;hm;inl;inc;ipp;xsd</Extensions>
    </Filter>
    <Filter Include="Resource Files">
      <UniqueIdentifier>{67DA6AB6-F800-4c08-8B7A-83BB121AAD01}</UniqueIdentifier>
      <Extensions>rc;ico;cur;bmp;dlg;rc2;rct;bin;rgs;gif;jpg;jpeg;jpe;resx;tiff;tif;png;wav;mfcribbon-ms</Extensions>
    </Filter>
  </ItemGroup>
  <ItemGroup>
    <ClInclude Include="framework.h">
      <Filter>Header Files</Filter>
    </ClInclude>
    <ClInclude Include="stBasicTexture.h">
      <Filter>Header Files</Filter>
    </ClInclude>
    <ClInclude Include="ffxivTexture.h">
      <Filter>Header Files</Filter>
    </ClInclude>
    <ClInclude Include="ffxivSwapChain.h">
      <Filter>Header Files</Filter>
    </ClInclude>
    <ClInclude Include="ffxivDevice.h">
      <Filter>Header Files</Filter>
    </ClInclude>
    <ClInclude Include="simpleVR.h">
      <Filter>Header Files</Filter>
    </ClInclude>
    <ClInclude Include="stDX11.h">
      <Filter>Header Files</Filter>
    </ClInclude>
    <ClInclude Include="BasicRenderer.h">
      <Filter>Header Files</Filter>
    </ClInclude>
    <ClInclude Include="stCommon.h">
      <Filter>Header Files</Filter>
    </ClInclude>
    <ClInclude Include="clsController.h">
      <Filter>Header Files</Filter>
    </ClInclude>
    <ClInclude Include="stButtonList.h">
      <Filter>Header Files</Filter>
    </ClInclude>
    <ClInclude Include="stsdkTypes.h">
      <Filter>Header Files</Filter>
    </ClInclude>
    <ClInclude Include="SteamVRInput.h">
      <Filter>Header Files</Filter>
    </ClInclude>
    <ClInclude Include="Configuration.h">
      <Filter>Header Files</Filter>
    </ClInclude>
    <ClInclude Include="ffxivRenderTargetManager.h">
      <Filter>Header Files</Filter>
    </ClInclude>
  </ItemGroup>
  <ItemGroup>
    <ClCompile Include="dllmain.cpp">
      <Filter>Source Files</Filter>
    </ClCompile>
    <ClCompile Include="simpleVR.cpp">
      <Filter>Source Files</Filter>
    </ClCompile>
    <ClCompile Include="BasicRenderer.cpp">
      <Filter>Source Files</Filter>
    </ClCompile>
    <ClCompile Include="clsController.cpp">
      <Filter>Source Files</Filter>
    </ClCompile>
    <ClCompile Include="clsControllerSteamVR.cpp">
      <Filter>Source Files</Filter>
    </ClCompile>
    <ClCompile Include="SteamVRInput.cpp">
      <Filter>Source Files</Filter>
    </ClCompile>
  </ItemGroup>
</Project>